// !$*UTF8*$!
{
	archiveVersion = 1;
	classes = {
	};
	objectVersion = 55;
	objects = {

/* Begin PBXBuildFile section */
		31A37677CDCA12A90DD7C572 /* Pods_MVPSampleTests.framework in Frameworks */ = {isa = PBXBuildFile; fileRef = 2905DEB2CC208D894897D843 /* Pods_MVPSampleTests.framework */; };
		50186CDB8800EC30D5F77C5B /* Pods_MVPSample_MVPSampleUITests.framework in Frameworks */ = {isa = PBXBuildFile; fileRef = 29634EB64946C8B4E8FD40B6 /* Pods_MVPSample_MVPSampleUITests.framework */; };
		5DD6CD783C224E8428B37009 /* Pods_MVPSample.framework in Frameworks */ = {isa = PBXBuildFile; fileRef = 779BCC15E6062B1A8F1E8E2A /* Pods_MVPSample.framework */; };
		E64512292747ACEB00D873FD /* InternalDataManager.swift in Sources */ = {isa = PBXBuildFile; fileRef = E64512282747ACEB00D873FD /* InternalDataManager.swift */; };
		E645122D2747BC1A00D873FD /* CustomCell.swift in Sources */ = {isa = PBXBuildFile; fileRef = E645122B2747BC1A00D873FD /* CustomCell.swift */; };
		E645122E2747BC1A00D873FD /* CustomCell.xib in Resources */ = {isa = PBXBuildFile; fileRef = E645122C2747BC1A00D873FD /* CustomCell.xib */; };
		E64512302747BF3600D873FD /* Monsters.swift in Sources */ = {isa = PBXBuildFile; fileRef = E645122F2747BF3600D873FD /* Monsters.swift */; };
		E64512322747D13600D873FD /* HomeProtocol.swift in Sources */ = {isa = PBXBuildFile; fileRef = E64512312747D13600D873FD /* HomeProtocol.swift */; };
		E64512352747D1B800D873FD /* HomePresenter.swift in Sources */ = {isa = PBXBuildFile; fileRef = E64512332747D18C00D873FD /* HomePresenter.swift */; };
		E6A2CEAD2744DE1600950B6A /* AppDelegate.swift in Sources */ = {isa = PBXBuildFile; fileRef = E6A2CEAC2744DE1600950B6A /* AppDelegate.swift */; };
		E6A2CEAF2744DE1600950B6A /* SceneDelegate.swift in Sources */ = {isa = PBXBuildFile; fileRef = E6A2CEAE2744DE1600950B6A /* SceneDelegate.swift */; };
		E6A2CEB62744DE1900950B6A /* Assets.xcassets in Resources */ = {isa = PBXBuildFile; fileRef = E6A2CEB52744DE1900950B6A /* Assets.xcassets */; };
		E6A2CEB92744DE1900950B6A /* LaunchScreen.storyboard in Resources */ = {isa = PBXBuildFile; fileRef = E6A2CEB72744DE1900950B6A /* LaunchScreen.storyboard */; };
		E6A2CEC42744DE1900950B6A /* MVPSampleTests.swift in Sources */ = {isa = PBXBuildFile; fileRef = E6A2CEC32744DE1900950B6A /* MVPSampleTests.swift */; };
		E6A2CECE2744DE1900950B6A /* MVPSampleUITests.swift in Sources */ = {isa = PBXBuildFile; fileRef = E6A2CECD2744DE1900950B6A /* MVPSampleUITests.swift */; };
		E6A2CED02744DE1900950B6A /* MVPSampleUITestsLaunchTests.swift in Sources */ = {isa = PBXBuildFile; fileRef = E6A2CECF2744DE1900950B6A /* MVPSampleUITestsLaunchTests.swift */; };
		E6C2703E2744FE2500069C9E /* Constants.swift in Sources */ = {isa = PBXBuildFile; fileRef = E6C2703D2744FE2500069C9E /* Constants.swift */; };
		E6C270402744FE6800069C9E /* LoginPresenter.swift in Sources */ = {isa = PBXBuildFile; fileRef = E6C2703F2744FE6800069C9E /* LoginPresenter.swift */; };
		E6C270422744FE9200069C9E /* Extensions.swift in Sources */ = {isa = PBXBuildFile; fileRef = E6C270412744FE9200069C9E /* Extensions.swift */; };
		E6C270442744FED100069C9E /* Users.swift in Sources */ = {isa = PBXBuildFile; fileRef = E6C270432744FED100069C9E /* Users.swift */; };
		E6C270462744FEEC00069C9E /* ExternalDataManager.swift in Sources */ = {isa = PBXBuildFile; fileRef = E6C270452744FEEC00069C9E /* ExternalDataManager.swift */; };
		E6C270482744FF6600069C9E /* LoginProtocol.swift in Sources */ = {isa = PBXBuildFile; fileRef = E6C270472744FF6600069C9E /* LoginProtocol.swift */; };
		E6C2704B2744FF8700069C9E /* LoginController.swift in Sources */ = {isa = PBXBuildFile; fileRef = E6C270492744FF8700069C9E /* LoginController.swift */; };
		E6C2704C2744FF8700069C9E /* LoginController.xib in Resources */ = {isa = PBXBuildFile; fileRef = E6C2704A2744FF8700069C9E /* LoginController.xib */; };
		E6C2704E274544FF00069C9E /* CustomButton.swift in Sources */ = {isa = PBXBuildFile; fileRef = E6C2704D274544FF00069C9E /* CustomButton.swift */; };
		E6C270562745734400069C9E /* HomeController.swift in Sources */ = {isa = PBXBuildFile; fileRef = E6C270542745734400069C9E /* HomeController.swift */; };
		E6C270572745734400069C9E /* HomeController.xib in Resources */ = {isa = PBXBuildFile; fileRef = E6C270552745734400069C9E /* HomeController.xib */; };
/* End PBXBuildFile section */

/* Begin PBXContainerItemProxy section */
		E6A2CEC02744DE1900950B6A /* PBXContainerItemProxy */ = {
			isa = PBXContainerItemProxy;
			containerPortal = E6A2CEA12744DE1600950B6A /* Project object */;
			proxyType = 1;
			remoteGlobalIDString = E6A2CEA82744DE1600950B6A;
			remoteInfo = MVPSample;
		};
		E6A2CECA2744DE1900950B6A /* PBXContainerItemProxy */ = {
			isa = PBXContainerItemProxy;
			containerPortal = E6A2CEA12744DE1600950B6A /* Project object */;
			proxyType = 1;
			remoteGlobalIDString = E6A2CEA82744DE1600950B6A;
			remoteInfo = MVPSample;
		};
/* End PBXContainerItemProxy section */

/* Begin PBXFileReference section */
		2905DEB2CC208D894897D843 /* Pods_MVPSampleTests.framework */ = {isa = PBXFileReference; explicitFileType = wrapper.framework; includeInIndex = 0; path = Pods_MVPSampleTests.framework; sourceTree = BUILT_PRODUCTS_DIR; };
		29634EB64946C8B4E8FD40B6 /* Pods_MVPSample_MVPSampleUITests.framework */ = {isa = PBXFileReference; explicitFileType = wrapper.framework; includeInIndex = 0; path = Pods_MVPSample_MVPSampleUITests.framework; sourceTree = BUILT_PRODUCTS_DIR; };
		2D3101E9B7040C5C10B9CFD6 /* Pods-MVPSampleTests.release.xcconfig */ = {isa = PBXFileReference; includeInIndex = 1; lastKnownFileType = text.xcconfig; name = "Pods-MVPSampleTests.release.xcconfig"; path = "Target Support Files/Pods-MVPSampleTests/Pods-MVPSampleTests.release.xcconfig"; sourceTree = "<group>"; };
		68CF52CCFC30F75092C1282C /* Pods-MVPSampleTests.debug.xcconfig */ = {isa = PBXFileReference; includeInIndex = 1; lastKnownFileType = text.xcconfig; name = "Pods-MVPSampleTests.debug.xcconfig"; path = "Target Support Files/Pods-MVPSampleTests/Pods-MVPSampleTests.debug.xcconfig"; sourceTree = "<group>"; };
		779BCC15E6062B1A8F1E8E2A /* Pods_MVPSample.framework */ = {isa = PBXFileReference; explicitFileType = wrapper.framework; includeInIndex = 0; path = Pods_MVPSample.framework; sourceTree = BUILT_PRODUCTS_DIR; };
		8470D1334BB702C2EC8020BD /* Pods-MVPSample.release.xcconfig */ = {isa = PBXFileReference; includeInIndex = 1; lastKnownFileType = text.xcconfig; name = "Pods-MVPSample.release.xcconfig"; path = "Target Support Files/Pods-MVPSample/Pods-MVPSample.release.xcconfig"; sourceTree = "<group>"; };
		884F87B00C7B8663B80255C1 /* Pods-MVPSample-MVPSampleUITests.debug.xcconfig */ = {isa = PBXFileReference; includeInIndex = 1; lastKnownFileType = text.xcconfig; name = "Pods-MVPSample-MVPSampleUITests.debug.xcconfig"; path = "Target Support Files/Pods-MVPSample-MVPSampleUITests/Pods-MVPSample-MVPSampleUITests.debug.xcconfig"; sourceTree = "<group>"; };
		E60144629D8D4D23B2D7B07E /* Pods-MVPSample.debug.xcconfig */ = {isa = PBXFileReference; includeInIndex = 1; lastKnownFileType = text.xcconfig; name = "Pods-MVPSample.debug.xcconfig"; path = "Target Support Files/Pods-MVPSample/Pods-MVPSample.debug.xcconfig"; sourceTree = "<group>"; };
		E64512282747ACEB00D873FD /* InternalDataManager.swift */ = {isa = PBXFileReference; lastKnownFileType = sourcecode.swift; name = InternalDataManager.swift; path = MVPSample/InternalDataManager.swift; sourceTree = SOURCE_ROOT; };
		E645122B2747BC1A00D873FD /* CustomCell.swift */ = {isa = PBXFileReference; lastKnownFileType = sourcecode.swift; path = CustomCell.swift; sourceTree = "<group>"; };
		E645122C2747BC1A00D873FD /* CustomCell.xib */ = {isa = PBXFileReference; lastKnownFileType = file.xib; path = CustomCell.xib; sourceTree = "<group>"; };
		E645122F2747BF3600D873FD /* Monsters.swift */ = {isa = PBXFileReference; lastKnownFileType = sourcecode.swift; path = Monsters.swift; sourceTree = "<group>"; };
		E64512312747D13600D873FD /* HomeProtocol.swift */ = {isa = PBXFileReference; lastKnownFileType = sourcecode.swift; path = HomeProtocol.swift; sourceTree = "<group>"; };
		E64512332747D18C00D873FD /* HomePresenter.swift */ = {isa = PBXFileReference; lastKnownFileType = sourcecode.swift; name = HomePresenter.swift; path = MVPSample/Home/Presenter/HomePresenter.swift; sourceTree = SOURCE_ROOT; };
		E6A2CEA92744DE1600950B6A /* MVPSample.app */ = {isa = PBXFileReference; explicitFileType = wrapper.application; includeInIndex = 0; path = MVPSample.app; sourceTree = BUILT_PRODUCTS_DIR; };
		E6A2CEAC2744DE1600950B6A /* AppDelegate.swift */ = {isa = PBXFileReference; lastKnownFileType = sourcecode.swift; path = AppDelegate.swift; sourceTree = "<group>"; };
		E6A2CEAE2744DE1600950B6A /* SceneDelegate.swift */ = {isa = PBXFileReference; lastKnownFileType = sourcecode.swift; path = SceneDelegate.swift; sourceTree = "<group>"; };
		E6A2CEB52744DE1900950B6A /* Assets.xcassets */ = {isa = PBXFileReference; lastKnownFileType = folder.assetcatalog; path = Assets.xcassets; sourceTree = "<group>"; };
		E6A2CEB82744DE1900950B6A /* Base */ = {isa = PBXFileReference; lastKnownFileType = file.storyboard; name = Base; path = Base.lproj/LaunchScreen.storyboard; sourceTree = "<group>"; };
		E6A2CEBA2744DE1900950B6A /* Info.plist */ = {isa = PBXFileReference; lastKnownFileType = text.plist.xml; path = Info.plist; sourceTree = "<group>"; };
		E6A2CEBF2744DE1900950B6A /* MVPSampleTests.xctest */ = {isa = PBXFileReference; explicitFileType = wrapper.cfbundle; includeInIndex = 0; path = MVPSampleTests.xctest; sourceTree = BUILT_PRODUCTS_DIR; };
		E6A2CEC32744DE1900950B6A /* MVPSampleTests.swift */ = {isa = PBXFileReference; lastKnownFileType = sourcecode.swift; path = MVPSampleTests.swift; sourceTree = "<group>"; };
		E6A2CEC92744DE1900950B6A /* MVPSampleUITests.xctest */ = {isa = PBXFileReference; explicitFileType = wrapper.cfbundle; includeInIndex = 0; path = MVPSampleUITests.xctest; sourceTree = BUILT_PRODUCTS_DIR; };
		E6A2CECD2744DE1900950B6A /* MVPSampleUITests.swift */ = {isa = PBXFileReference; lastKnownFileType = sourcecode.swift; path = MVPSampleUITests.swift; sourceTree = "<group>"; };
		E6A2CECF2744DE1900950B6A /* MVPSampleUITestsLaunchTests.swift */ = {isa = PBXFileReference; lastKnownFileType = sourcecode.swift; path = MVPSampleUITestsLaunchTests.swift; sourceTree = "<group>"; };
		E6C2703D2744FE2500069C9E /* Constants.swift */ = {isa = PBXFileReference; lastKnownFileType = sourcecode.swift; name = Constants.swift; path = MVPSample/Constants.swift; sourceTree = SOURCE_ROOT; };
		E6C2703F2744FE6800069C9E /* LoginPresenter.swift */ = {isa = PBXFileReference; lastKnownFileType = sourcecode.swift; name = LoginPresenter.swift; path = MVPSample/LoginPresenter.swift; sourceTree = SOURCE_ROOT; };
		E6C270412744FE9200069C9E /* Extensions.swift */ = {isa = PBXFileReference; lastKnownFileType = sourcecode.swift; name = Extensions.swift; path = MVPSample/Extensions.swift; sourceTree = SOURCE_ROOT; };
		E6C270432744FED100069C9E /* Users.swift */ = {isa = PBXFileReference; lastKnownFileType = sourcecode.swift; name = Users.swift; path = MVPSample/Users.swift; sourceTree = SOURCE_ROOT; };
		E6C270452744FEEC00069C9E /* ExternalDataManager.swift */ = {isa = PBXFileReference; lastKnownFileType = sourcecode.swift; name = ExternalDataManager.swift; path = MVPSample/ExternalDataManager.swift; sourceTree = SOURCE_ROOT; };
		E6C270472744FF6600069C9E /* LoginProtocol.swift */ = {isa = PBXFileReference; lastKnownFileType = sourcecode.swift; name = LoginProtocol.swift; path = MVPSample/LoginProtocol.swift; sourceTree = SOURCE_ROOT; };
		E6C270492744FF8700069C9E /* LoginController.swift */ = {isa = PBXFileReference; lastKnownFileType = sourcecode.swift; name = LoginController.swift; path = MVPSample/LoginController.swift; sourceTree = SOURCE_ROOT; };
		E6C2704A2744FF8700069C9E /* LoginController.xib */ = {isa = PBXFileReference; lastKnownFileType = file.xib; name = LoginController.xib; path = MVPSample/LoginController.xib; sourceTree = SOURCE_ROOT; };
		E6C2704D274544FF00069C9E /* CustomButton.swift */ = {isa = PBXFileReference; lastKnownFileType = sourcecode.swift; path = CustomButton.swift; sourceTree = "<group>"; };
		E6C270542745734400069C9E /* HomeController.swift */ = {isa = PBXFileReference; lastKnownFileType = sourcecode.swift; path = HomeController.swift; sourceTree = "<group>"; };
		E6C270552745734400069C9E /* HomeController.xib */ = {isa = PBXFileReference; lastKnownFileType = file.xib; path = HomeController.xib; sourceTree = "<group>"; };
		E78A1113C7223E115E208657 /* Pods-MVPSample-MVPSampleUITests.release.xcconfig */ = {isa = PBXFileReference; includeInIndex = 1; lastKnownFileType = text.xcconfig; name = "Pods-MVPSample-MVPSampleUITests.release.xcconfig"; path = "Target Support Files/Pods-MVPSample-MVPSampleUITests/Pods-MVPSample-MVPSampleUITests.release.xcconfig"; sourceTree = "<group>"; };
/* End PBXFileReference section */

/* Begin PBXFrameworksBuildPhase section */
		E6A2CEA62744DE1600950B6A /* Frameworks */ = {
			isa = PBXFrameworksBuildPhase;
			buildActionMask = 2147483647;
			files = (
				5DD6CD783C224E8428B37009 /* Pods_MVPSample.framework in Frameworks */,
			);
			runOnlyForDeploymentPostprocessing = 0;
		};
		E6A2CEBC2744DE1900950B6A /* Frameworks */ = {
			isa = PBXFrameworksBuildPhase;
			buildActionMask = 2147483647;
			files = (
				31A37677CDCA12A90DD7C572 /* Pods_MVPSampleTests.framework in Frameworks */,
			);
			runOnlyForDeploymentPostprocessing = 0;
		};
		E6A2CEC62744DE1900950B6A /* Frameworks */ = {
			isa = PBXFrameworksBuildPhase;
			buildActionMask = 2147483647;
			files = (
				50186CDB8800EC30D5F77C5B /* Pods_MVPSample_MVPSampleUITests.framework in Frameworks */,
			);
			runOnlyForDeploymentPostprocessing = 0;
		};
/* End PBXFrameworksBuildPhase section */

/* Begin PBXGroup section */
		336E5F57F06E0EDEF75FBB12 /* Frameworks */ = {
			isa = PBXGroup;
			children = (
				779BCC15E6062B1A8F1E8E2A /* Pods_MVPSample.framework */,
				29634EB64946C8B4E8FD40B6 /* Pods_MVPSample_MVPSampleUITests.framework */,
				2905DEB2CC208D894897D843 /* Pods_MVPSampleTests.framework */,
			);
			name = Frameworks;
			sourceTree = "<group>";
		};
		4503DC863B4376C9BBD04AC2 /* Pods */ = {
			isa = PBXGroup;
			children = (
				E60144629D8D4D23B2D7B07E /* Pods-MVPSample.debug.xcconfig */,
				8470D1334BB702C2EC8020BD /* Pods-MVPSample.release.xcconfig */,
				884F87B00C7B8663B80255C1 /* Pods-MVPSample-MVPSampleUITests.debug.xcconfig */,
				E78A1113C7223E115E208657 /* Pods-MVPSample-MVPSampleUITests.release.xcconfig */,
				68CF52CCFC30F75092C1282C /* Pods-MVPSampleTests.debug.xcconfig */,
				2D3101E9B7040C5C10B9CFD6 /* Pods-MVPSampleTests.release.xcconfig */,
			);
			path = Pods;
			sourceTree = "<group>";
		};
		E645122A2747BBE500D873FD /* CellView */ = {
			isa = PBXGroup;
			children = (
				E645122B2747BC1A00D873FD /* CustomCell.swift */,
				E645122C2747BC1A00D873FD /* CustomCell.xib */,
			);
			path = CellView;
			sourceTree = "<group>";
		};
		E6A2CEA02744DE1600950B6A = {
			isa = PBXGroup;
			children = (
				E6A2CEAB2744DE1600950B6A /* MVPSample */,
				E6A2CEC22744DE1900950B6A /* MVPSampleTests */,
				E6A2CECC2744DE1900950B6A /* MVPSampleUITests */,
				E6A2CEAA2744DE1600950B6A /* Products */,
				4503DC863B4376C9BBD04AC2 /* Pods */,
				336E5F57F06E0EDEF75FBB12 /* Frameworks */,
			);
			sourceTree = "<group>";
		};
		E6A2CEAA2744DE1600950B6A /* Products */ = {
			isa = PBXGroup;
			children = (
				E6A2CEA92744DE1600950B6A /* MVPSample.app */,
				E6A2CEBF2744DE1900950B6A /* MVPSampleTests.xctest */,
				E6A2CEC92744DE1900950B6A /* MVPSampleUITests.xctest */,
			);
			name = Products;
			sourceTree = "<group>";
		};
		E6A2CEAB2744DE1600950B6A /* MVPSample */ = {
			isa = PBXGroup;
			children = (
				E6C2703A2744FCBB00069C9E /* Utils */,
				E6C270292744E46B00069C9E /* Extensions */,
				E6C270262744E45700069C9E /* DataManager */,
				E6C270252744E45000069C9E /* Login */,
				E6C2704F27454A4700069C9E /* Home */,
				E6A2CEAC2744DE1600950B6A /* AppDelegate.swift */,
				E6A2CEAE2744DE1600950B6A /* SceneDelegate.swift */,
				E6A2CEB52744DE1900950B6A /* Assets.xcassets */,
				E6A2CEB72744DE1900950B6A /* LaunchScreen.storyboard */,
				E6A2CEBA2744DE1900950B6A /* Info.plist */,
			);
			path = MVPSample;
			sourceTree = "<group>";
		};
		E6A2CEC22744DE1900950B6A /* MVPSampleTests */ = {
			isa = PBXGroup;
			children = (
				E6A2CEC32744DE1900950B6A /* MVPSampleTests.swift */,
			);
			path = MVPSampleTests;
			sourceTree = "<group>";
		};
		E6A2CECC2744DE1900950B6A /* MVPSampleUITests */ = {
			isa = PBXGroup;
			children = (
				E6A2CECD2744DE1900950B6A /* MVPSampleUITests.swift */,
				E6A2CECF2744DE1900950B6A /* MVPSampleUITestsLaunchTests.swift */,
			);
			path = MVPSampleUITests;
			sourceTree = "<group>";
		};
		E6C270252744E45000069C9E /* Login */ = {
			isa = PBXGroup;
			children = (
				E6C270352744E99D00069C9E /* Views */,
				E6C2702A2744E47200069C9E /* Protocols */,
				E6C270282744E46400069C9E /* Presenter */,
				E6C270272744E45E00069C9E /* Model */,
			);
			path = Login;
			sourceTree = "<group>";
		};
		E6C270262744E45700069C9E /* DataManager */ = {
			isa = PBXGroup;
			children = (
				E6C270452744FEEC00069C9E /* ExternalDataManager.swift */,
				E64512282747ACEB00D873FD /* InternalDataManager.swift */,
			);
			path = DataManager;
			sourceTree = "<group>";
		};
		E6C270272744E45E00069C9E /* Model */ = {
			isa = PBXGroup;
			children = (
				E6C270432744FED100069C9E /* Users.swift */,
			);
			path = Model;
			sourceTree = "<group>";
		};
		E6C270282744E46400069C9E /* Presenter */ = {
			isa = PBXGroup;
			children = (
				E6C2703F2744FE6800069C9E /* LoginPresenter.swift */,
			);
			path = Presenter;
			sourceTree = "<group>";
		};
		E6C270292744E46B00069C9E /* Extensions */ = {
			isa = PBXGroup;
			children = (
				E6C270412744FE9200069C9E /* Extensions.swift */,
			);
			path = Extensions;
			sourceTree = "<group>";
		};
		E6C2702A2744E47200069C9E /* Protocols */ = {
			isa = PBXGroup;
			children = (
				E6C270472744FF6600069C9E /* LoginProtocol.swift */,
			);
			path = Protocols;
			sourceTree = "<group>";
		};
		E6C270352744E99D00069C9E /* Views */ = {
			isa = PBXGroup;
			children = (
				E6C270492744FF8700069C9E /* LoginController.swift */,
				E6C2704A2744FF8700069C9E /* LoginController.xib */,
			);
			path = Views;
			sourceTree = "<group>";
		};
		E6C2703A2744FCBB00069C9E /* Utils */ = {
			isa = PBXGroup;
			children = (
				E6C2703D2744FE2500069C9E /* Constants.swift */,
				E6C2704D274544FF00069C9E /* CustomButton.swift */,
			);
			path = Utils;
			sourceTree = "<group>";
		};
		E6C2704F27454A4700069C9E /* Home */ = {
			isa = PBXGroup;
			children = (
				E645122A2747BBE500D873FD /* CellView */,
				E6C27053274572E000069C9E /* Model */,
				E6C27052274572CB00069C9E /* Protocols */,
				E6C27051274572C400069C9E /* Presenter */,
				E6C2705027454A5700069C9E /* View */,
			);
			path = Home;
			sourceTree = "<group>";
		};
		E6C2705027454A5700069C9E /* View */ = {
			isa = PBXGroup;
			children = (
				E6C270542745734400069C9E /* HomeController.swift */,
				E6C270552745734400069C9E /* HomeController.xib */,
			);
			path = View;
			sourceTree = "<group>";
		};
		E6C27051274572C400069C9E /* Presenter */ = {
			isa = PBXGroup;
			children = (
				E64512332747D18C00D873FD /* HomePresenter.swift */,
			);
			path = Presenter;
			sourceTree = "<group>";
		};
		E6C27052274572CB00069C9E /* Protocols */ = {
			isa = PBXGroup;
			children = (
				E64512312747D13600D873FD /* HomeProtocol.swift */,
			);
			path = Protocols;
			sourceTree = "<group>";
		};
		E6C27053274572E000069C9E /* Model */ = {
			isa = PBXGroup;
			children = (
				E645122F2747BF3600D873FD /* Monsters.swift */,
			);
			path = Model;
			sourceTree = "<group>";
		};
/* End PBXGroup section */

/* Begin PBXNativeTarget section */
		E6A2CEA82744DE1600950B6A /* MVPSample */ = {
			isa = PBXNativeTarget;
			buildConfigurationList = E6A2CED32744DE1900950B6A /* Build configuration list for PBXNativeTarget "MVPSample" */;
			buildPhases = (
				553A00466D347E9E7C624E1F /* [CP] Check Pods Manifest.lock */,
				E6A2CEA52744DE1600950B6A /* Sources */,
				E6A2CEA62744DE1600950B6A /* Frameworks */,
				E6A2CEA72744DE1600950B6A /* Resources */,
				5E5C56AC0C7F1ACA7CEFA3DD /* [CP] Embed Pods Frameworks */,
			);
			buildRules = (
			);
			dependencies = (
			);
			name = MVPSample;
			productName = MVPSample;
			productReference = E6A2CEA92744DE1600950B6A /* MVPSample.app */;
			productType = "com.apple.product-type.application";
		};
		E6A2CEBE2744DE1900950B6A /* MVPSampleTests */ = {
			isa = PBXNativeTarget;
			buildConfigurationList = E6A2CED62744DE1900950B6A /* Build configuration list for PBXNativeTarget "MVPSampleTests" */;
			buildPhases = (
				7BAD8D536CF9E075282FA1DF /* [CP] Check Pods Manifest.lock */,
				E6A2CEBB2744DE1900950B6A /* Sources */,
				E6A2CEBC2744DE1900950B6A /* Frameworks */,
				E6A2CEBD2744DE1900950B6A /* Resources */,
			);
			buildRules = (
			);
			dependencies = (
				E6A2CEC12744DE1900950B6A /* PBXTargetDependency */,
			);
			name = MVPSampleTests;
			productName = MVPSampleTests;
			productReference = E6A2CEBF2744DE1900950B6A /* MVPSampleTests.xctest */;
			productType = "com.apple.product-type.bundle.unit-test";
		};
		E6A2CEC82744DE1900950B6A /* MVPSampleUITests */ = {
			isa = PBXNativeTarget;
			buildConfigurationList = E6A2CED92744DE1900950B6A /* Build configuration list for PBXNativeTarget "MVPSampleUITests" */;
			buildPhases = (
				B3FFB3BC4D2AD82DD849C1AA /* [CP] Check Pods Manifest.lock */,
				E6A2CEC52744DE1900950B6A /* Sources */,
				E6A2CEC62744DE1900950B6A /* Frameworks */,
				E6A2CEC72744DE1900950B6A /* Resources */,
				6C3D2BA984AAAF0C5E34AA2A /* [CP] Embed Pods Frameworks */,
			);
			buildRules = (
			);
			dependencies = (
				E6A2CECB2744DE1900950B6A /* PBXTargetDependency */,
			);
			name = MVPSampleUITests;
			productName = MVPSampleUITests;
			productReference = E6A2CEC92744DE1900950B6A /* MVPSampleUITests.xctest */;
			productType = "com.apple.product-type.bundle.ui-testing";
		};
/* End PBXNativeTarget section */

/* Begin PBXProject section */
		E6A2CEA12744DE1600950B6A /* Project object */ = {
			isa = PBXProject;
			attributes = {
				BuildIndependentTargetsInParallel = 1;
				LastSwiftUpdateCheck = 1310;
				LastUpgradeCheck = 1310;
				TargetAttributes = {
					E6A2CEA82744DE1600950B6A = {
						CreatedOnToolsVersion = 13.1;
					};
					E6A2CEBE2744DE1900950B6A = {
						CreatedOnToolsVersion = 13.1;
						TestTargetID = E6A2CEA82744DE1600950B6A;
					};
					E6A2CEC82744DE1900950B6A = {
						CreatedOnToolsVersion = 13.1;
						TestTargetID = E6A2CEA82744DE1600950B6A;
					};
				};
			};
			buildConfigurationList = E6A2CEA42744DE1600950B6A /* Build configuration list for PBXProject "MVPSample" */;
			compatibilityVersion = "Xcode 13.0";
			developmentRegion = en;
			hasScannedForEncodings = 0;
			knownRegions = (
				en,
				Base,
			);
			mainGroup = E6A2CEA02744DE1600950B6A;
			productRefGroup = E6A2CEAA2744DE1600950B6A /* Products */;
			projectDirPath = "";
			projectRoot = "";
			targets = (
				E6A2CEA82744DE1600950B6A /* MVPSample */,
				E6A2CEBE2744DE1900950B6A /* MVPSampleTests */,
				E6A2CEC82744DE1900950B6A /* MVPSampleUITests */,
			);
		};
/* End PBXProject section */

/* Begin PBXResourcesBuildPhase section */
		E6A2CEA72744DE1600950B6A /* Resources */ = {
			isa = PBXResourcesBuildPhase;
			buildActionMask = 2147483647;
			files = (
				E645122E2747BC1A00D873FD /* CustomCell.xib in Resources */,
				E6C270572745734400069C9E /* HomeController.xib in Resources */,
				E6A2CEB92744DE1900950B6A /* LaunchScreen.storyboard in Resources */,
				E6C2704C2744FF8700069C9E /* LoginController.xib in Resources */,
				E6A2CEB62744DE1900950B6A /* Assets.xcassets in Resources */,
			);
			runOnlyForDeploymentPostprocessing = 0;
		};
		E6A2CEBD2744DE1900950B6A /* Resources */ = {
			isa = PBXResourcesBuildPhase;
			buildActionMask = 2147483647;
			files = (
			);
			runOnlyForDeploymentPostprocessing = 0;
		};
		E6A2CEC72744DE1900950B6A /* Resources */ = {
			isa = PBXResourcesBuildPhase;
			buildActionMask = 2147483647;
			files = (
			);
			runOnlyForDeploymentPostprocessing = 0;
		};
/* End PBXResourcesBuildPhase section */

/* Begin PBXShellScriptBuildPhase section */
		553A00466D347E9E7C624E1F /* [CP] Check Pods Manifest.lock */ = {
			isa = PBXShellScriptBuildPhase;
			buildActionMask = 2147483647;
			files = (
			);
			inputFileListPaths = (
			);
			inputPaths = (
				"${PODS_PODFILE_DIR_PATH}/Podfile.lock",
				"${PODS_ROOT}/Manifest.lock",
			);
			name = "[CP] Check Pods Manifest.lock";
			outputFileListPaths = (
			);
			outputPaths = (
				"$(DERIVED_FILE_DIR)/Pods-MVPSample-checkManifestLockResult.txt",
			);
			runOnlyForDeploymentPostprocessing = 0;
			shellPath = /bin/sh;
			shellScript = "diff \"${PODS_PODFILE_DIR_PATH}/Podfile.lock\" \"${PODS_ROOT}/Manifest.lock\" > /dev/null\nif [ $? != 0 ] ; then\n    # print error to STDERR\n    echo \"error: The sandbox is not in sync with the Podfile.lock. Run 'pod install' or update your CocoaPods installation.\" >&2\n    exit 1\nfi\n# This output is used by Xcode 'outputs' to avoid re-running this script phase.\necho \"SUCCESS\" > \"${SCRIPT_OUTPUT_FILE_0}\"\n";
			showEnvVarsInLog = 0;
		};
		5E5C56AC0C7F1ACA7CEFA3DD /* [CP] Embed Pods Frameworks */ = {
			isa = PBXShellScriptBuildPhase;
			buildActionMask = 2147483647;
			files = (
			);
			inputFileListPaths = (
				"${PODS_ROOT}/Target Support Files/Pods-MVPSample/Pods-MVPSample-frameworks-${CONFIGURATION}-input-files.xcfilelist",
			);
			name = "[CP] Embed Pods Frameworks";
			outputFileListPaths = (
				"${PODS_ROOT}/Target Support Files/Pods-MVPSample/Pods-MVPSample-frameworks-${CONFIGURATION}-output-files.xcfilelist",
			);
			runOnlyForDeploymentPostprocessing = 0;
			shellPath = /bin/sh;
			shellScript = "\"${PODS_ROOT}/Target Support Files/Pods-MVPSample/Pods-MVPSample-frameworks.sh\"\n";
			showEnvVarsInLog = 0;
		};
		6C3D2BA984AAAF0C5E34AA2A /* [CP] Embed Pods Frameworks */ = {
			isa = PBXShellScriptBuildPhase;
			buildActionMask = 2147483647;
			files = (
			);
			inputFileListPaths = (
				"${PODS_ROOT}/Target Support Files/Pods-MVPSample-MVPSampleUITests/Pods-MVPSample-MVPSampleUITests-frameworks-${CONFIGURATION}-input-files.xcfilelist",
			);
			name = "[CP] Embed Pods Frameworks";
			outputFileListPaths = (
				"${PODS_ROOT}/Target Support Files/Pods-MVPSample-MVPSampleUITests/Pods-MVPSample-MVPSampleUITests-frameworks-${CONFIGURATION}-output-files.xcfilelist",
			);
			runOnlyForDeploymentPostprocessing = 0;
			shellPath = /bin/sh;
			shellScript = "\"${PODS_ROOT}/Target Support Files/Pods-MVPSample-MVPSampleUITests/Pods-MVPSample-MVPSampleUITests-frameworks.sh\"\n";
			showEnvVarsInLog = 0;
		};
		7BAD8D536CF9E075282FA1DF /* [CP] Check Pods Manifest.lock */ = {
			isa = PBXShellScriptBuildPhase;
			buildActionMask = 2147483647;
			files = (
			);
			inputFileListPaths = (
			);
			inputPaths = (
				"${PODS_PODFILE_DIR_PATH}/Podfile.lock",
				"${PODS_ROOT}/Manifest.lock",
			);
			name = "[CP] Check Pods Manifest.lock";
			outputFileListPaths = (
			);
			outputPaths = (
				"$(DERIVED_FILE_DIR)/Pods-MVPSampleTests-checkManifestLockResult.txt",
			);
			runOnlyForDeploymentPostprocessing = 0;
			shellPath = /bin/sh;
			shellScript = "diff \"${PODS_PODFILE_DIR_PATH}/Podfile.lock\" \"${PODS_ROOT}/Manifest.lock\" > /dev/null\nif [ $? != 0 ] ; then\n    # print error to STDERR\n    echo \"error: The sandbox is not in sync with the Podfile.lock. Run 'pod install' or update your CocoaPods installation.\" >&2\n    exit 1\nfi\n# This output is used by Xcode 'outputs' to avoid re-running this script phase.\necho \"SUCCESS\" > \"${SCRIPT_OUTPUT_FILE_0}\"\n";
			showEnvVarsInLog = 0;
		};
		B3FFB3BC4D2AD82DD849C1AA /* [CP] Check Pods Manifest.lock */ = {
			isa = PBXShellScriptBuildPhase;
			buildActionMask = 2147483647;
			files = (
			);
			inputFileListPaths = (
			);
			inputPaths = (
				"${PODS_PODFILE_DIR_PATH}/Podfile.lock",
				"${PODS_ROOT}/Manifest.lock",
			);
			name = "[CP] Check Pods Manifest.lock";
			outputFileListPaths = (
			);
			outputPaths = (
				"$(DERIVED_FILE_DIR)/Pods-MVPSample-MVPSampleUITests-checkManifestLockResult.txt",
			);
			runOnlyForDeploymentPostprocessing = 0;
			shellPath = /bin/sh;
			shellScript = "diff \"${PODS_PODFILE_DIR_PATH}/Podfile.lock\" \"${PODS_ROOT}/Manifest.lock\" > /dev/null\nif [ $? != 0 ] ; then\n    # print error to STDERR\n    echo \"error: The sandbox is not in sync with the Podfile.lock. Run 'pod install' or update your CocoaPods installation.\" >&2\n    exit 1\nfi\n# This output is used by Xcode 'outputs' to avoid re-running this script phase.\necho \"SUCCESS\" > \"${SCRIPT_OUTPUT_FILE_0}\"\n";
			showEnvVarsInLog = 0;
		};
/* End PBXShellScriptBuildPhase section */

/* Begin PBXSourcesBuildPhase section */
		E6A2CEA52744DE1600950B6A /* Sources */ = {
			isa = PBXSourcesBuildPhase;
			buildActionMask = 2147483647;
			files = (
				E6C270422744FE9200069C9E /* Extensions.swift in Sources */,
				E645122D2747BC1A00D873FD /* CustomCell.swift in Sources */,
				E6C270482744FF6600069C9E /* LoginProtocol.swift in Sources */,
				E6C270562745734400069C9E /* HomeController.swift in Sources */,
				E64512322747D13600D873FD /* HomeProtocol.swift in Sources */,
				E6C2703E2744FE2500069C9E /* Constants.swift in Sources */,
				E6C270462744FEEC00069C9E /* ExternalDataManager.swift in Sources */,
				E6C2704E274544FF00069C9E /* CustomButton.swift in Sources */,
				E6C2704B2744FF8700069C9E /* LoginController.swift in Sources */,
				E64512302747BF3600D873FD /* Monsters.swift in Sources */,
				E6A2CEAD2744DE1600950B6A /* AppDelegate.swift in Sources */,
				E6A2CEAF2744DE1600950B6A /* SceneDelegate.swift in Sources */,
				E6C270442744FED100069C9E /* Users.swift in Sources */,
				E64512292747ACEB00D873FD /* InternalDataManager.swift in Sources */,
				E6C270402744FE6800069C9E /* LoginPresenter.swift in Sources */,
				E64512352747D1B800D873FD /* HomePresenter.swift in Sources */,
			);
			runOnlyForDeploymentPostprocessing = 0;
		};
		E6A2CEBB2744DE1900950B6A /* Sources */ = {
			isa = PBXSourcesBuildPhase;
			buildActionMask = 2147483647;
			files = (
				E6A2CEC42744DE1900950B6A /* MVPSampleTests.swift in Sources */,
			);
			runOnlyForDeploymentPostprocessing = 0;
		};
		E6A2CEC52744DE1900950B6A /* Sources */ = {
			isa = PBXSourcesBuildPhase;
			buildActionMask = 2147483647;
			files = (
				E6A2CED02744DE1900950B6A /* MVPSampleUITestsLaunchTests.swift in Sources */,
				E6A2CECE2744DE1900950B6A /* MVPSampleUITests.swift in Sources */,
			);
			runOnlyForDeploymentPostprocessing = 0;
		};
/* End PBXSourcesBuildPhase section */

/* Begin PBXTargetDependency section */
		E6A2CEC12744DE1900950B6A /* PBXTargetDependency */ = {
			isa = PBXTargetDependency;
			target = E6A2CEA82744DE1600950B6A /* MVPSample */;
			targetProxy = E6A2CEC02744DE1900950B6A /* PBXContainerItemProxy */;
		};
		E6A2CECB2744DE1900950B6A /* PBXTargetDependency */ = {
			isa = PBXTargetDependency;
			target = E6A2CEA82744DE1600950B6A /* MVPSample */;
			targetProxy = E6A2CECA2744DE1900950B6A /* PBXContainerItemProxy */;
		};
/* End PBXTargetDependency section */

/* Begin PBXVariantGroup section */
		E6A2CEB72744DE1900950B6A /* LaunchScreen.storyboard */ = {
			isa = PBXVariantGroup;
			children = (
				E6A2CEB82744DE1900950B6A /* Base */,
			);
			name = LaunchScreen.storyboard;
			sourceTree = "<group>";
		};
/* End PBXVariantGroup section */

/* Begin XCBuildConfiguration section */
		E6A2CED12744DE1900950B6A /* Debug */ = {
			isa = XCBuildConfiguration;
			buildSettings = {
				ALWAYS_SEARCH_USER_PATHS = NO;
				CLANG_ANALYZER_NONNULL = YES;
				CLANG_ANALYZER_NUMBER_OBJECT_CONVERSION = YES_AGGRESSIVE;
				CLANG_CXX_LANGUAGE_STANDARD = "gnu++17";
				CLANG_CXX_LIBRARY = "libc++";
				CLANG_ENABLE_MODULES = YES;
				CLANG_ENABLE_OBJC_ARC = YES;
				CLANG_ENABLE_OBJC_WEAK = YES;
				CLANG_WARN_BLOCK_CAPTURE_AUTORELEASING = YES;
				CLANG_WARN_BOOL_CONVERSION = YES;
				CLANG_WARN_COMMA = YES;
				CLANG_WARN_CONSTANT_CONVERSION = YES;
				CLANG_WARN_DEPRECATED_OBJC_IMPLEMENTATIONS = YES;
				CLANG_WARN_DIRECT_OBJC_ISA_USAGE = YES_ERROR;
				CLANG_WARN_DOCUMENTATION_COMMENTS = YES;
				CLANG_WARN_EMPTY_BODY = YES;
				CLANG_WARN_ENUM_CONVERSION = YES;
				CLANG_WARN_INFINITE_RECURSION = YES;
				CLANG_WARN_INT_CONVERSION = YES;
				CLANG_WARN_NON_LITERAL_NULL_CONVERSION = YES;
				CLANG_WARN_OBJC_IMPLICIT_RETAIN_SELF = YES;
				CLANG_WARN_OBJC_LITERAL_CONVERSION = YES;
				CLANG_WARN_OBJC_ROOT_CLASS = YES_ERROR;
				CLANG_WARN_QUOTED_INCLUDE_IN_FRAMEWORK_HEADER = YES;
				CLANG_WARN_RANGE_LOOP_ANALYSIS = YES;
				CLANG_WARN_STRICT_PROTOTYPES = YES;
				CLANG_WARN_SUSPICIOUS_MOVE = YES;
				CLANG_WARN_UNGUARDED_AVAILABILITY = YES_AGGRESSIVE;
				CLANG_WARN_UNREACHABLE_CODE = YES;
				CLANG_WARN__DUPLICATE_METHOD_MATCH = YES;
				COPY_PHASE_STRIP = NO;
				DEBUG_INFORMATION_FORMAT = dwarf;
				ENABLE_STRICT_OBJC_MSGSEND = YES;
				ENABLE_TESTABILITY = YES;
				GCC_C_LANGUAGE_STANDARD = gnu11;
				GCC_DYNAMIC_NO_PIC = NO;
				GCC_NO_COMMON_BLOCKS = YES;
				GCC_OPTIMIZATION_LEVEL = 0;
				GCC_PREPROCESSOR_DEFINITIONS = (
					"DEBUG=1",
					"$(inherited)",
				);
				GCC_WARN_64_TO_32_BIT_CONVERSION = YES;
				GCC_WARN_ABOUT_RETURN_TYPE = YES_ERROR;
				GCC_WARN_UNDECLARED_SELECTOR = YES;
				GCC_WARN_UNINITIALIZED_AUTOS = YES_AGGRESSIVE;
				GCC_WARN_UNUSED_FUNCTION = YES;
				GCC_WARN_UNUSED_VARIABLE = YES;
				IPHONEOS_DEPLOYMENT_TARGET = 15.0;
				MTL_ENABLE_DEBUG_INFO = INCLUDE_SOURCE;
				MTL_FAST_MATH = YES;
				ONLY_ACTIVE_ARCH = YES;
				SDKROOT = iphoneos;
				SWIFT_ACTIVE_COMPILATION_CONDITIONS = DEBUG;
				SWIFT_OPTIMIZATION_LEVEL = "-Onone";
			};
			name = Debug;
		};
		E6A2CED22744DE1900950B6A /* Release */ = {
			isa = XCBuildConfiguration;
			buildSettings = {
				ALWAYS_SEARCH_USER_PATHS = NO;
				CLANG_ANALYZER_NONNULL = YES;
				CLANG_ANALYZER_NUMBER_OBJECT_CONVERSION = YES_AGGRESSIVE;
				CLANG_CXX_LANGUAGE_STANDARD = "gnu++17";
				CLANG_CXX_LIBRARY = "libc++";
				CLANG_ENABLE_MODULES = YES;
				CLANG_ENABLE_OBJC_ARC = YES;
				CLANG_ENABLE_OBJC_WEAK = YES;
				CLANG_WARN_BLOCK_CAPTURE_AUTORELEASING = YES;
				CLANG_WARN_BOOL_CONVERSION = YES;
				CLANG_WARN_COMMA = YES;
				CLANG_WARN_CONSTANT_CONVERSION = YES;
				CLANG_WARN_DEPRECATED_OBJC_IMPLEMENTATIONS = YES;
				CLANG_WARN_DIRECT_OBJC_ISA_USAGE = YES_ERROR;
				CLANG_WARN_DOCUMENTATION_COMMENTS = YES;
				CLANG_WARN_EMPTY_BODY = YES;
				CLANG_WARN_ENUM_CONVERSION = YES;
				CLANG_WARN_INFINITE_RECURSION = YES;
				CLANG_WARN_INT_CONVERSION = YES;
				CLANG_WARN_NON_LITERAL_NULL_CONVERSION = YES;
				CLANG_WARN_OBJC_IMPLICIT_RETAIN_SELF = YES;
				CLANG_WARN_OBJC_LITERAL_CONVERSION = YES;
				CLANG_WARN_OBJC_ROOT_CLASS = YES_ERROR;
				CLANG_WARN_QUOTED_INCLUDE_IN_FRAMEWORK_HEADER = YES;
				CLANG_WARN_RANGE_LOOP_ANALYSIS = YES;
				CLANG_WARN_STRICT_PROTOTYPES = YES;
				CLANG_WARN_SUSPICIOUS_MOVE = YES;
				CLANG_WARN_UNGUARDED_AVAILABILITY = YES_AGGRESSIVE;
				CLANG_WARN_UNREACHABLE_CODE = YES;
				CLANG_WARN__DUPLICATE_METHOD_MATCH = YES;
				COPY_PHASE_STRIP = NO;
				DEBUG_INFORMATION_FORMAT = "dwarf-with-dsym";
				ENABLE_NS_ASSERTIONS = NO;
				ENABLE_STRICT_OBJC_MSGSEND = YES;
				GCC_C_LANGUAGE_STANDARD = gnu11;
				GCC_NO_COMMON_BLOCKS = YES;
				GCC_WARN_64_TO_32_BIT_CONVERSION = YES;
				GCC_WARN_ABOUT_RETURN_TYPE = YES_ERROR;
				GCC_WARN_UNDECLARED_SELECTOR = YES;
				GCC_WARN_UNINITIALIZED_AUTOS = YES_AGGRESSIVE;
				GCC_WARN_UNUSED_FUNCTION = YES;
				GCC_WARN_UNUSED_VARIABLE = YES;
				IPHONEOS_DEPLOYMENT_TARGET = 15.0;
				MTL_ENABLE_DEBUG_INFO = NO;
				MTL_FAST_MATH = YES;
				SDKROOT = iphoneos;
				SWIFT_COMPILATION_MODE = wholemodule;
				SWIFT_OPTIMIZATION_LEVEL = "-O";
				VALIDATE_PRODUCT = YES;
			};
			name = Release;
		};
		E6A2CED42744DE1900950B6A /* Debug */ = {
			isa = XCBuildConfiguration;
			baseConfigurationReference = E60144629D8D4D23B2D7B07E /* Pods-MVPSample.debug.xcconfig */;
			buildSettings = {
				ASSETCATALOG_COMPILER_APPICON_NAME = AppIcon;
				ASSETCATALOG_COMPILER_GLOBAL_ACCENT_COLOR_NAME = AccentColor;
				CODE_SIGN_STYLE = Automatic;
				CURRENT_PROJECT_VERSION = 1;
				GENERATE_INFOPLIST_FILE = YES;
				INFOPLIST_FILE = MVPSample/Info.plist;
				INFOPLIST_KEY_UIApplicationSupportsIndirectInputEvents = YES;
				INFOPLIST_KEY_UILaunchStoryboardName = LaunchScreen;
				INFOPLIST_KEY_UISupportedInterfaceOrientations_iPad = "UIInterfaceOrientationPortrait UIInterfaceOrientationPortraitUpsideDown UIInterfaceOrientationLandscapeLeft UIInterfaceOrientationLandscapeRight";
				INFOPLIST_KEY_UISupportedInterfaceOrientations_iPhone = "UIInterfaceOrientationPortrait UIInterfaceOrientationLandscapeLeft UIInterfaceOrientationLandscapeRight";
				LD_RUNPATH_SEARCH_PATHS = (
					"$(inherited)",
					"@executable_path/Frameworks",
				);
				MARKETING_VERSION = 1.0;
				PRODUCT_BUNDLE_IDENTIFIER = com.init7.MVPSample;
				PRODUCT_NAME = "$(TARGET_NAME)";
				SWIFT_EMIT_LOC_STRINGS = YES;
				SWIFT_VERSION = 5.0;
				TARGETED_DEVICE_FAMILY = "1,2";
			};
			name = Debug;
		};
		E6A2CED52744DE1900950B6A /* Release */ = {
			isa = XCBuildConfiguration;
			baseConfigurationReference = 8470D1334BB702C2EC8020BD /* Pods-MVPSample.release.xcconfig */;
			buildSettings = {
				ASSETCATALOG_COMPILER_APPICON_NAME = AppIcon;
				ASSETCATALOG_COMPILER_GLOBAL_ACCENT_COLOR_NAME = AccentColor;
				CODE_SIGN_STYLE = Automatic;
				CURRENT_PROJECT_VERSION = 1;
				GENERATE_INFOPLIST_FILE = YES;
				INFOPLIST_FILE = MVPSample/Info.plist;
				INFOPLIST_KEY_UIApplicationSupportsIndirectInputEvents = YES;
				INFOPLIST_KEY_UILaunchStoryboardName = LaunchScreen;
				INFOPLIST_KEY_UISupportedInterfaceOrientations_iPad = "UIInterfaceOrientationPortrait UIInterfaceOrientationPortraitUpsideDown UIInterfaceOrientationLandscapeLeft UIInterfaceOrientationLandscapeRight";
				INFOPLIST_KEY_UISupportedInterfaceOrientations_iPhone = "UIInterfaceOrientationPortrait UIInterfaceOrientationLandscapeLeft UIInterfaceOrientationLandscapeRight";
				LD_RUNPATH_SEARCH_PATHS = (
					"$(inherited)",
					"@executable_path/Frameworks",
				);
				MARKETING_VERSION = 1.0;
				PRODUCT_BUNDLE_IDENTIFIER = com.init7.MVPSample;
				PRODUCT_NAME = "$(TARGET_NAME)";
				SWIFT_EMIT_LOC_STRINGS = YES;
				SWIFT_VERSION = 5.0;
				TARGETED_DEVICE_FAMILY = "1,2";
			};
			name = Release;
		};
		E6A2CED72744DE1900950B6A /* Debug */ = {
			isa = XCBuildConfiguration;
			baseConfigurationReference = 68CF52CCFC30F75092C1282C /* Pods-MVPSampleTests.debug.xcconfig */;
			buildSettings = {
				ALWAYS_EMBED_SWIFT_STANDARD_LIBRARIES = YES;
				BUNDLE_LOADER = "$(TEST_HOST)";
				CODE_SIGN_STYLE = Automatic;
				CURRENT_PROJECT_VERSION = 1;
				GENERATE_INFOPLIST_FILE = YES;
				IPHONEOS_DEPLOYMENT_TARGET = 15.0;
				LD_RUNPATH_SEARCH_PATHS = (
					"$(inherited)",
					"@executable_path/Frameworks",
					"@loader_path/Frameworks",
				);
				MARKETING_VERSION = 1.0;
				PRODUCT_BUNDLE_IDENTIFIER = com.init7.MVPSampleTests;
				PRODUCT_NAME = "$(TARGET_NAME)";
				SWIFT_EMIT_LOC_STRINGS = NO;
				SWIFT_VERSION = 5.0;
				TARGETED_DEVICE_FAMILY = "1,2";
				TEST_HOST = "$(BUILT_PRODUCTS_DIR)/MVPSample.app/MVPSample";
			};
			name = Debug;
		};
		E6A2CED82744DE1900950B6A /* Release */ = {
			isa = XCBuildConfiguration;
			baseConfigurationReference = 2D3101E9B7040C5C10B9CFD6 /* Pods-MVPSampleTests.release.xcconfig */;
			buildSettings = {
				ALWAYS_EMBED_SWIFT_STANDARD_LIBRARIES = YES;
				BUNDLE_LOADER = "$(TEST_HOST)";
				CODE_SIGN_STYLE = Automatic;
				CURRENT_PROJECT_VERSION = 1;
				GENERATE_INFOPLIST_FILE = YES;
				IPHONEOS_DEPLOYMENT_TARGET = 15.0;
				LD_RUNPATH_SEARCH_PATHS = (
					"$(inherited)",
					"@executable_path/Frameworks",
					"@loader_path/Frameworks",
				);
				MARKETING_VERSION = 1.0;
				PRODUCT_BUNDLE_IDENTIFIER = com.init7.MVPSampleTests;
				PRODUCT_NAME = "$(TARGET_NAME)";
				SWIFT_EMIT_LOC_STRINGS = NO;
				SWIFT_VERSION = 5.0;
				TARGETED_DEVICE_FAMILY = "1,2";
				TEST_HOST = "$(BUILT_PRODUCTS_DIR)/MVPSample.app/MVPSample";
			};
			name = Release;
		};
		E6A2CEDA2744DE1900950B6A /* Debug */ = {
			isa = XCBuildConfiguration;
			baseConfigurationReference = 884F87B00C7B8663B80255C1 /* Pods-MVPSample-MVPSampleUITests.debug.xcconfig */;
			buildSettings = {
				ALWAYS_EMBED_SWIFT_STANDARD_LIBRARIES = YES;
				CODE_SIGN_STYLE = Automatic;
				CURRENT_PROJECT_VERSION = 1;
				GENERATE_INFOPLIST_FILE = YES;
				LD_RUNPATH_SEARCH_PATHS = (
					"$(inherited)",
					"@executable_path/Frameworks",
					"@loader_path/Frameworks",
				);
				MARKETING_VERSION = 1.0;
				PRODUCT_BUNDLE_IDENTIFIER = com.init7.MVPSampleUITests;
				PRODUCT_NAME = "$(TARGET_NAME)";
				SWIFT_EMIT_LOC_STRINGS = NO;
				SWIFT_VERSION = 5.0;
				TARGETED_DEVICE_FAMILY = "1,2";
				TEST_TARGET_NAME = MVPSample;
			};
			name = Debug;
		};
		E6A2CEDB2744DE1900950B6A /* Release */ = {
			isa = XCBuildConfiguration;
			baseConfigurationReference = E78A1113C7223E115E208657 /* Pods-MVPSample-MVPSampleUITests.release.xcconfig */;
			buildSettings = {
				ALWAYS_EMBED_SWIFT_STANDARD_LIBRARIES = YES;
				CODE_SIGN_STYLE = Automatic;
				CURRENT_PROJECT_VERSION = 1;
				GENERATE_INFOPLIST_FILE = YES;
				LD_RUNPATH_SEARCH_PATHS = (
					"$(inherited)",
					"@executable_path/Frameworks",
					"@loader_path/Frameworks",
				);
				MARKETING_VERSION = 1.0;
				PRODUCT_BUNDLE_IDENTIFIER = com.init7.MVPSampleUITests;
				PRODUCT_NAME = "$(TARGET_NAME)";
				SWIFT_EMIT_LOC_STRINGS = NO;
				SWIFT_VERSION = 5.0;
				TARGETED_DEVICE_FAMILY = "1,2";
				TEST_TARGET_NAME = MVPSample;
			};
			name = Release;
		};
/* End XCBuildConfiguration section */

/* Begin XCConfigurationList section */
		E6A2CEA42744DE1600950B6A /* Build configuration list for PBXProject "MVPSample" */ = {
			isa = XCConfigurationList;
			buildConfigurations = (
				E6A2CED12744DE1900950B6A /* Debug */,
				E6A2CED22744DE1900950B6A /* Release */,
			);
			defaultConfigurationIsVisible = 0;
			defaultConfigurationName = Release;
		};
		E6A2CED32744DE1900950B6A /* Build configuration list for PBXNativeTarget "MVPSample" */ = {
			isa = XCConfigurationList;
			buildConfigurations = (
				E6A2CED42744DE1900950B6A /* Debug */,
				E6A2CED52744DE1900950B6A /* Release */,
			);
			defaultConfigurationIsVisible = 0;
			defaultConfigurationName = Release;
		};
		E6A2CED62744DE1900950B6A /* Build configuration list for PBXNativeTarget "MVPSampleTests" */ = {
			isa = XCConfigurationList;
			buildConfigurations = (
				E6A2CED72744DE1900950B6A /* Debug */,
				E6A2CED82744DE1900950B6A /* Release */,
			);
			defaultConfigurationIsVisible = 0;
			defaultConfigurationName = Release;
		};
		E6A2CED92744DE1900950B6A /* Build configuration list for PBXNativeTarget "MVPSampleUITests" */ = {
			isa = XCConfigurationList;
			buildConfigurations = (
				E6A2CEDA2744DE1900950B6A /* Debug */,
				E6A2CEDB2744DE1900950B6A /* Release */,
			);
			defaultConfigurationIsVisible = 0;
			defaultConfigurationName = Release;
		};
/* End XCConfigurationList section */
	};
	rootObject = E6A2CEA12744DE1600950B6A /* Project object */;
}
